
Microsoft Visual Studio Solution File, Format Version 12.00
# Visual Studio Version 17
VisualStudioVersion = 17.5.33414.496
MinimumVisualStudioVersion = 10.0.40219.1
Project("{9A19103F-16F7-4668-BE54-9A1E7A4F7556}") = "FirstWebApp.App", "FirstWebApp.App\FirstWebApp.App.csproj", "{1A22D3D6-0C6F-4C77-8FF2-C94973415B33}"
EndProject
Global
	GlobalSection(SolutionConfigurationPlatforms) = preSolution
		Debug|Any CPU = Debug|Any CPU
		Release|Any CPU = Release|Any CPU
	EndGlobalSection
	GlobalSection(ProjectConfigurationPlatforms) = postSolution
		{1A22D3D6-0C6F-4C77-8FF2-C94973415B33}.Debug|Any CPU.ActiveCfg = Debug|Any CPU
		{1A22D3D6-0C6F-4C77-8FF2-C94973415B33}.Debug|Any CPU.Build.0 = Debug|Any CPU
		{1A22D3D6-0C6F-4C77-8FF2-C94973415B33}.Release|Any CPU.ActiveCfg = Release|Any CPU
		{1A22D3D6-0C6F-4C77-8FF2-C94973415B33}.Release|Any CPU.Build.0 = Release|Any CPU
	EndGlobalSection
	GlobalSection(SolutionProperties) = preSolution
		HideSolutionNode = FALSE
	EndGlobalSection
	GlobalSection(ExtensibilityGlobals) = postSolution
		SolutionGuid = {AA5B4D65-B4CC-409B-8704-39B264EA192B}
	EndGlobalSection
EndGlobal
